// !$*UTF8*$!
{
	archiveVersion = 1;
	classes = {
	};
	objectVersion = 55;
	objects = {

/* Begin PBXBuildFile section */
		0505ED0429053D390043B61D /* DiscoverTableViewController.swift in Sources */ = {isa = PBXBuildFile; fileRef = 0505ED0329053D390043B61D /* DiscoverTableViewController.swift */; };
		0505ED06290A70C90043B61D /* DiscoverTableViewCell.swift in Sources */ = {isa = PBXBuildFile; fileRef = 0505ED05290A70C90043B61D /* DiscoverTableViewCell.swift */; };
		051DCB7128D466E10068AE61 /* AppDelegate.swift in Sources */ = {isa = PBXBuildFile; fileRef = 051DCB7028D466E10068AE61 /* AppDelegate.swift */; };
		051DCB7328D466E10068AE61 /* SceneDelegate.swift in Sources */ = {isa = PBXBuildFile; fileRef = 051DCB7228D466E10068AE61 /* SceneDelegate.swift */; };
		051DCB7828D466E10068AE61 /* Main.storyboard in Resources */ = {isa = PBXBuildFile; fileRef = 051DCB7628D466E10068AE61 /* Main.storyboard */; };
		051DCB7A28D466E20068AE61 /* Assets.xcassets in Resources */ = {isa = PBXBuildFile; fileRef = 051DCB7928D466E20068AE61 /* Assets.xcassets */; };
		051DCB7D28D466E20068AE61 /* LaunchScreen.storyboard in Resources */ = {isa = PBXBuildFile; fileRef = 051DCB7B28D466E20068AE61 /* LaunchScreen.storyboard */; };
		051DCB8528D492270068AE61 /* RestaurantTableViewController.swift in Sources */ = {isa = PBXBuildFile; fileRef = 051DCB8428D492270068AE61 /* RestaurantTableViewController.swift */; };
		051DCB8728D4A9B70068AE61 /* RestaurantTableViewCell.swift in Sources */ = {isa = PBXBuildFile; fileRef = 051DCB8628D4A9B70068AE61 /* RestaurantTableViewCell.swift */; };
		051DCB8928D75CE90068AE61 /* Restaurant.swift in Sources */ = {isa = PBXBuildFile; fileRef = 051DCB8828D75CE90068AE61 /* Restaurant.swift */; };
		051DCB8F28D775CA0068AE61 /* RestaurantDiffableDataSource.swift in Sources */ = {isa = PBXBuildFile; fileRef = 051DCB8E28D775CA0068AE61 /* RestaurantDiffableDataSource.swift */; };
		051DCB9328DA5C8A0068AE61 /* RestaurantDetailViewController.swift in Sources */ = {isa = PBXBuildFile; fileRef = 051DCB9228DA5C8A0068AE61 /* RestaurantDetailViewController.swift */; };
		051DCB9A28DCC37F0068AE61 /* Nunito-Bold.ttf in Resources */ = {isa = PBXBuildFile; fileRef = 051DCB9828DCC37F0068AE61 /* Nunito-Bold.ttf */; };
		051DCB9B28DCC37F0068AE61 /* Nunito-Regular.ttf in Resources */ = {isa = PBXBuildFile; fileRef = 051DCB9928DCC37F0068AE61 /* Nunito-Regular.ttf */; };
		051DCB9D28DCC8690068AE61 /* RestaurantDetailHeaderView.swift in Sources */ = {isa = PBXBuildFile; fileRef = 051DCB9C28DCC8690068AE61 /* RestaurantDetailHeaderView.swift */; };
		051DCB9F28DCE71C0068AE61 /* RestaurantDetailTextCell.swift in Sources */ = {isa = PBXBuildFile; fileRef = 051DCB9E28DCE71C0068AE61 /* RestaurantDetailTextCell.swift */; };
		051DCBA128DCEA840068AE61 /* RestaurantDetailTwoColumnCell.swift in Sources */ = {isa = PBXBuildFile; fileRef = 051DCBA028DCEA840068AE61 /* RestaurantDetailTwoColumnCell.swift */; };
		051DCBA428DF6FF70068AE61 /* UIColor+Ext.swift in Sources */ = {isa = PBXBuildFile; fileRef = 051DCBA328DF6FF70068AE61 /* UIColor+Ext.swift */; };
		051DCBA628DF748D0068AE61 /* NavigationController.swift in Sources */ = {isa = PBXBuildFile; fileRef = 051DCBA528DF748D0068AE61 /* NavigationController.swift */; };
		051DCBA928E1BD6B0068AE61 /* MapKit.framework in Frameworks */ = {isa = PBXBuildFile; fileRef = 051DCBA828E1BD6B0068AE61 /* MapKit.framework */; };
		051DCBAD28E1C1360068AE61 /* RestaurantDetailMapCell.swift in Sources */ = {isa = PBXBuildFile; fileRef = 051DCBAC28E1C1360068AE61 /* RestaurantDetailMapCell.swift */; };
		051DCBAF28E1D2AC0068AE61 /* MapViewController.swift in Sources */ = {isa = PBXBuildFile; fileRef = 051DCBAE28E1D2AC0068AE61 /* MapViewController.swift */; };
		051DCBB128E4C6480068AE61 /* ReviewViewController.swift in Sources */ = {isa = PBXBuildFile; fileRef = 051DCBB028E4C6480068AE61 /* ReviewViewController.swift */; };
		051FC56528EDDC4C002A99A6 /* RoundedTextField.swift in Sources */ = {isa = PBXBuildFile; fileRef = 051FC56428EDDC4C002A99A6 /* RoundedTextField.swift */; };
		051FC56828EDDF61002A99A6 /* NewRestaurantController.swift in Sources */ = {isa = PBXBuildFile; fileRef = 051FC56728EDDF61002A99A6 /* NewRestaurantController.swift */; };
		051FC56B28F3FBEB002A99A6 /* FoodPin.xcdatamodeld in Sources */ = {isa = PBXBuildFile; fileRef = 051FC56928F3FBEB002A99A6 /* FoodPin.xcdatamodeld */; };
		051FC57128F6FE18002A99A6 /* Onboarding.storyboard in Resources */ = {isa = PBXBuildFile; fileRef = 051FC57028F6FE18002A99A6 /* Onboarding.storyboard */; };
		057FE08C290068AA00FC9C69 /* About.storyboard in Resources */ = {isa = PBXBuildFile; fileRef = 057FE08A290068AA00FC9C69 /* About.storyboard */; };
		057FE08E290068D500FC9C69 /* Discover.storyboard in Resources */ = {isa = PBXBuildFile; fileRef = 057FE08D290068D500FC9C69 /* Discover.storyboard */; };
		057FE09029006AAF00FC9C69 /* AboutTableViewController.swift in Sources */ = {isa = PBXBuildFile; fileRef = 057FE08F29006AAF00FC9C69 /* AboutTableViewController.swift */; };
		057FE092290076B900FC9C69 /* WebViewController.swift in Sources */ = {isa = PBXBuildFile; fileRef = 057FE091290076B900FC9C69 /* WebViewController.swift */; };
		05DF095D28F707F90072A1F8 /* WalkthroughContentViewController.swift in Sources */ = {isa = PBXBuildFile; fileRef = 05DF095C28F707F90072A1F8 /* WalkthroughContentViewController.swift */; };
		05DF095F28F70AEE0072A1F8 /* WalkthroughPageViewController.swift in Sources */ = {isa = PBXBuildFile; fileRef = 05DF095E28F70AEE0072A1F8 /* WalkthroughPageViewController.swift */; };
		05DF096128F95CAD0072A1F8 /* WalkthroughViewController.swift in Sources */ = {isa = PBXBuildFile; fileRef = 05DF096028F95CAD0072A1F8 /* WalkthroughViewController.swift */; };
/* End PBXBuildFile section */

/* Begin PBXFileReference section */
		0505ED0229047DC40043B61D /* FoodPin.entitlements */ = {isa = PBXFileReference; lastKnownFileType = text.plist.entitlements; path = FoodPin.entitlements; sourceTree = "<group>"; };
		0505ED0329053D390043B61D /* DiscoverTableViewController.swift */ = {isa = PBXFileReference; lastKnownFileType = sourcecode.swift; path = DiscoverTableViewController.swift; sourceTree = "<group>"; };
		0505ED05290A70C90043B61D /* DiscoverTableViewCell.swift */ = {isa = PBXFileReference; lastKnownFileType = sourcecode.swift; path = DiscoverTableViewCell.swift; sourceTree = "<group>"; };
		051DCB6D28D466E10068AE61 /* FoodPin.app */ = {isa = PBXFileReference; explicitFileType = wrapper.application; includeInIndex = 0; path = FoodPin.app; sourceTree = BUILT_PRODUCTS_DIR; };
		051DCB7028D466E10068AE61 /* AppDelegate.swift */ = {isa = PBXFileReference; lastKnownFileType = sourcecode.swift; path = AppDelegate.swift; sourceTree = "<group>"; };
		051DCB7228D466E10068AE61 /* SceneDelegate.swift */ = {isa = PBXFileReference; lastKnownFileType = sourcecode.swift; path = SceneDelegate.swift; sourceTree = "<group>"; };
		051DCB7728D466E10068AE61 /* Base */ = {isa = PBXFileReference; lastKnownFileType = file.storyboard; name = Base; path = Base.lproj/Main.storyboard; sourceTree = "<group>"; };
		051DCB7928D466E20068AE61 /* Assets.xcassets */ = {isa = PBXFileReference; lastKnownFileType = folder.assetcatalog; path = Assets.xcassets; sourceTree = "<group>"; };
		051DCB7C28D466E20068AE61 /* Base */ = {isa = PBXFileReference; lastKnownFileType = file.storyboard; name = Base; path = Base.lproj/LaunchScreen.storyboard; sourceTree = "<group>"; };
		051DCB7E28D466E20068AE61 /* Info.plist */ = {isa = PBXFileReference; lastKnownFileType = text.plist.xml; path = Info.plist; sourceTree = "<group>"; };
		051DCB8428D492270068AE61 /* RestaurantTableViewController.swift */ = {isa = PBXFileReference; lastKnownFileType = sourcecode.swift; path = RestaurantTableViewController.swift; sourceTree = "<group>"; };
		051DCB8628D4A9B70068AE61 /* RestaurantTableViewCell.swift */ = {isa = PBXFileReference; lastKnownFileType = sourcecode.swift; path = RestaurantTableViewCell.swift; sourceTree = "<group>"; };
		051DCB8828D75CE90068AE61 /* Restaurant.swift */ = {isa = PBXFileReference; lastKnownFileType = sourcecode.swift; path = Restaurant.swift; sourceTree = "<group>"; };
		051DCB8E28D775CA0068AE61 /* RestaurantDiffableDataSource.swift */ = {isa = PBXFileReference; lastKnownFileType = sourcecode.swift; path = RestaurantDiffableDataSource.swift; sourceTree = "<group>"; };
		051DCB9228DA5C8A0068AE61 /* RestaurantDetailViewController.swift */ = {isa = PBXFileReference; lastKnownFileType = sourcecode.swift; path = RestaurantDetailViewController.swift; sourceTree = "<group>"; };
		051DCB9828DCC37F0068AE61 /* Nunito-Bold.ttf */ = {isa = PBXFileReference; lastKnownFileType = file; path = "Nunito-Bold.ttf"; sourceTree = "<group>"; };
		051DCB9928DCC37F0068AE61 /* Nunito-Regular.ttf */ = {isa = PBXFileReference; lastKnownFileType = file; path = "Nunito-Regular.ttf"; sourceTree = "<group>"; };
		051DCB9C28DCC8690068AE61 /* RestaurantDetailHeaderView.swift */ = {isa = PBXFileReference; lastKnownFileType = sourcecode.swift; path = RestaurantDetailHeaderView.swift; sourceTree = "<group>"; };
		051DCB9E28DCE71C0068AE61 /* RestaurantDetailTextCell.swift */ = {isa = PBXFileReference; lastKnownFileType = sourcecode.swift; path = RestaurantDetailTextCell.swift; sourceTree = "<group>"; };
		051DCBA028DCEA840068AE61 /* RestaurantDetailTwoColumnCell.swift */ = {isa = PBXFileReference; lastKnownFileType = sourcecode.swift; path = RestaurantDetailTwoColumnCell.swift; sourceTree = "<group>"; };
		051DCBA328DF6FF70068AE61 /* UIColor+Ext.swift */ = {isa = PBXFileReference; lastKnownFileType = sourcecode.swift; path = "UIColor+Ext.swift"; sourceTree = "<group>"; };
		051DCBA528DF748D0068AE61 /* NavigationController.swift */ = {isa = PBXFileReference; lastKnownFileType = sourcecode.swift; path = NavigationController.swift; sourceTree = "<group>"; };
		051DCBA828E1BD6B0068AE61 /* MapKit.framework */ = {isa = PBXFileReference; lastKnownFileType = wrapper.framework; name = MapKit.framework; path = System/Library/Frameworks/MapKit.framework; sourceTree = SDKROOT; };
		051DCBAC28E1C1360068AE61 /* RestaurantDetailMapCell.swift */ = {isa = PBXFileReference; lastKnownFileType = sourcecode.swift; path = RestaurantDetailMapCell.swift; sourceTree = "<group>"; };
		051DCBAE28E1D2AC0068AE61 /* MapViewController.swift */ = {isa = PBXFileReference; lastKnownFileType = sourcecode.swift; path = MapViewController.swift; sourceTree = "<group>"; };
		051DCBB028E4C6480068AE61 /* ReviewViewController.swift */ = {isa = PBXFileReference; lastKnownFileType = sourcecode.swift; path = ReviewViewController.swift; sourceTree = "<group>"; };
		051FC56428EDDC4C002A99A6 /* RoundedTextField.swift */ = {isa = PBXFileReference; lastKnownFileType = sourcecode.swift; path = RoundedTextField.swift; sourceTree = "<group>"; };
		051FC56728EDDF61002A99A6 /* NewRestaurantController.swift */ = {isa = PBXFileReference; lastKnownFileType = sourcecode.swift; path = NewRestaurantController.swift; sourceTree = "<group>"; };
		051FC56A28F3FBEB002A99A6 /* FoodPin.xcdatamodel */ = {isa = PBXFileReference; lastKnownFileType = wrapper.xcdatamodel; path = FoodPin.xcdatamodel; sourceTree = "<group>"; };
		051FC57028F6FE18002A99A6 /* Onboarding.storyboard */ = {isa = PBXFileReference; lastKnownFileType = file.storyboard; path = Onboarding.storyboard; sourceTree = "<group>"; };
		057FE08B290068AA00FC9C69 /* Base */ = {isa = PBXFileReference; lastKnownFileType = file.storyboard; name = Base; path = FoodPin/StoryBoard/Base.lproj/About.storyboard; sourceTree = "<group>"; };
		057FE08D290068D500FC9C69 /* Discover.storyboard */ = {isa = PBXFileReference; fileEncoding = 4; lastKnownFileType = file.storyboard; path = Discover.storyboard; sourceTree = "<group>"; };
		057FE08F29006AAF00FC9C69 /* AboutTableViewController.swift */ = {isa = PBXFileReference; lastKnownFileType = sourcecode.swift; path = AboutTableViewController.swift; sourceTree = "<group>"; };
		057FE091290076B900FC9C69 /* WebViewController.swift */ = {isa = PBXFileReference; lastKnownFileType = sourcecode.swift; path = WebViewController.swift; sourceTree = "<group>"; };
		05DF095C28F707F90072A1F8 /* WalkthroughContentViewController.swift */ = {isa = PBXFileReference; lastKnownFileType = sourcecode.swift; path = WalkthroughContentViewController.swift; sourceTree = "<group>"; };
		05DF095E28F70AEE0072A1F8 /* WalkthroughPageViewController.swift */ = {isa = PBXFileReference; lastKnownFileType = sourcecode.swift; path = WalkthroughPageViewController.swift; sourceTree = "<group>"; };
		05DF096028F95CAD0072A1F8 /* WalkthroughViewController.swift */ = {isa = PBXFileReference; lastKnownFileType = sourcecode.swift; path = WalkthroughViewController.swift; sourceTree = "<group>"; };
/* End PBXFileReference section */

/* Begin PBXFrameworksBuildPhase section */
		051DCB6A28D466E10068AE61 /* Frameworks */ = {
			isa = PBXFrameworksBuildPhase;
			buildActionMask = 2147483647;
			files = (
				051DCBA928E1BD6B0068AE61 /* MapKit.framework in Frameworks */,
			);
			runOnlyForDeploymentPostprocessing = 0;
		};
/* End PBXFrameworksBuildPhase section */

/* Begin PBXGroup section */
		051DCB6428D466E10068AE61 = {
			isa = PBXGroup;
			children = (
				051DCB6F28D466E10068AE61 /* FoodPin */,
				051DCB6E28D466E10068AE61 /* Products */,
				051DCBA728E1BD6B0068AE61 /* Frameworks */,
			);
			sourceTree = "<group>";
		};
		051DCB6E28D466E10068AE61 /* Products */ = {
			isa = PBXGroup;
			children = (
				051DCB6D28D466E10068AE61 /* FoodPin.app */,
			);
			name = Products;
			sourceTree = "<group>";
		};
		051DCB6F28D466E10068AE61 /* FoodPin */ = {
			isa = PBXGroup;
			children = (
				0505ED0229047DC40043B61D /* FoodPin.entitlements */,
				051DCBA228DF6FBB0068AE61 /* Extensions */,
				051DCB9428DCC2CF0068AE61 /* Resources */,
				051DCB8D28D765C50068AE61 /* View */,
				051DCB8C28D765B30068AE61 /* Model */,
				051DCB8B28D7659D0068AE61 /* StoryBoard */,
				051DCB8A28D765730068AE61 /* Controller */,
				051DCB7028D466E10068AE61 /* AppDelegate.swift */,
				051DCB7228D466E10068AE61 /* SceneDelegate.swift */,
				051DCB7928D466E20068AE61 /* Assets.xcassets */,
				051DCB7E28D466E20068AE61 /* Info.plist */,
				051FC56928F3FBEB002A99A6 /* FoodPin.xcdatamodeld */,
			);
			path = FoodPin;
			sourceTree = "<group>";
		};
		051DCB8A28D765730068AE61 /* Controller */ = {
			isa = PBXGroup;
			children = (
				051DCB8428D492270068AE61 /* RestaurantTableViewController.swift */,
				051DCB9228DA5C8A0068AE61 /* RestaurantDetailViewController.swift */,
				051DCBA528DF748D0068AE61 /* NavigationController.swift */,
				051DCBAE28E1D2AC0068AE61 /* MapViewController.swift */,
				051DCBB028E4C6480068AE61 /* ReviewViewController.swift */,
				051FC56728EDDF61002A99A6 /* NewRestaurantController.swift */,
				05DF095C28F707F90072A1F8 /* WalkthroughContentViewController.swift */,
				05DF095E28F70AEE0072A1F8 /* WalkthroughPageViewController.swift */,
				05DF096028F95CAD0072A1F8 /* WalkthroughViewController.swift */,
				057FE08F29006AAF00FC9C69 /* AboutTableViewController.swift */,
				057FE091290076B900FC9C69 /* WebViewController.swift */,
				0505ED0329053D390043B61D /* DiscoverTableViewController.swift */,
			);
			path = Controller;
			sourceTree = "<group>";
		};
		051DCB8B28D7659D0068AE61 /* StoryBoard */ = {
			isa = PBXGroup;
			children = (
				057FE08D290068D500FC9C69 /* Discover.storyboard */,
				057FE08A290068AA00FC9C69 /* About.storyboard */,
				051DCB7B28D466E20068AE61 /* LaunchScreen.storyboard */,
				051DCB7628D466E10068AE61 /* Main.storyboard */,
				051FC57028F6FE18002A99A6 /* Onboarding.storyboard */,
			);
			path = StoryBoard;
			sourceTree = "<group>";
		};
		051DCB8C28D765B30068AE61 /* Model */ = {
			isa = PBXGroup;
			children = (
				051DCB8828D75CE90068AE61 /* Restaurant.swift */,
				051DCB8E28D775CA0068AE61 /* RestaurantDiffableDataSource.swift */,
			);
			path = Model;
			sourceTree = "<group>";
		};
		051DCB8D28D765C50068AE61 /* View */ = {
			isa = PBXGroup;
			children = (
				051DCB8628D4A9B70068AE61 /* RestaurantTableViewCell.swift */,
				051DCB9C28DCC8690068AE61 /* RestaurantDetailHeaderView.swift */,
				051DCB9E28DCE71C0068AE61 /* RestaurantDetailTextCell.swift */,
				051DCBA028DCEA840068AE61 /* RestaurantDetailTwoColumnCell.swift */,
				051DCBAC28E1C1360068AE61 /* RestaurantDetailMapCell.swift */,
				051FC56428EDDC4C002A99A6 /* RoundedTextField.swift */,
				0505ED05290A70C90043B61D /* DiscoverTableViewCell.swift */,
			);
			path = View;
			sourceTree = "<group>";
		};
		051DCB9428DCC2CF0068AE61 /* Resources */ = {
			isa = PBXGroup;
			children = (
				051DCB9528DCC2D70068AE61 /* Fonts */,
			);
			path = Resources;
			sourceTree = "<group>";
		};
		051DCB9528DCC2D70068AE61 /* Fonts */ = {
			isa = PBXGroup;
			children = (
				051DCB9828DCC37F0068AE61 /* Nunito-Bold.ttf */,
				051DCB9928DCC37F0068AE61 /* Nunito-Regular.ttf */,
			);
			path = Fonts;
			sourceTree = "<group>";
		};
		051DCBA228DF6FBB0068AE61 /* Extensions */ = {
			isa = PBXGroup;
			children = (
				051DCBA328DF6FF70068AE61 /* UIColor+Ext.swift */,
			);
			path = Extensions;
			sourceTree = "<group>";
		};
		051DCBA728E1BD6B0068AE61 /* Frameworks */ = {
			isa = PBXGroup;
			children = (
				051DCBA828E1BD6B0068AE61 /* MapKit.framework */,
			);
			name = Frameworks;
			sourceTree = "<group>";
		};
/* End PBXGroup section */

/* Begin PBXNativeTarget section */
		051DCB6C28D466E10068AE61 /* FoodPin */ = {
			isa = PBXNativeTarget;
			buildConfigurationList = 051DCB8128D466E20068AE61 /* Build configuration list for PBXNativeTarget "FoodPin" */;
			buildPhases = (
				051DCB6928D466E10068AE61 /* Sources */,
				051DCB6A28D466E10068AE61 /* Frameworks */,
				051DCB6B28D466E10068AE61 /* Resources */,
			);
			buildRules = (
			);
			dependencies = (
			);
			name = FoodPin;
			productName = FoodPin;
			productReference = 051DCB6D28D466E10068AE61 /* FoodPin.app */;
			productType = "com.apple.product-type.application";
		};
/* End PBXNativeTarget section */

/* Begin PBXProject section */
		051DCB6528D466E10068AE61 /* Project object */ = {
			isa = PBXProject;
			attributes = {
				BuildIndependentTargetsInParallel = 1;
				LastSwiftUpdateCheck = 1340;
				LastUpgradeCheck = 1340;
				TargetAttributes = {
					051DCB6C28D466E10068AE61 = {
						CreatedOnToolsVersion = 13.4.1;
					};
				};
			};
			buildConfigurationList = 051DCB6828D466E10068AE61 /* Build configuration list for PBXProject "FoodPin" */;
			compatibilityVersion = "Xcode 13.0";
			developmentRegion = en;
			hasScannedForEncodings = 0;
			knownRegions = (
				en,
				Base,
			);
			mainGroup = 051DCB6428D466E10068AE61;
			productRefGroup = 051DCB6E28D466E10068AE61 /* Products */;
			projectDirPath = "";
			projectRoot = "";
			targets = (
				051DCB6C28D466E10068AE61 /* FoodPin */,
			);
		};
/* End PBXProject section */

/* Begin PBXResourcesBuildPhase section */
		051DCB6B28D466E10068AE61 /* Resources */ = {
			isa = PBXResourcesBuildPhase;
			buildActionMask = 2147483647;
			files = (
				051DCB9B28DCC37F0068AE61 /* Nunito-Regular.ttf in Resources */,
				057FE08E290068D500FC9C69 /* Discover.storyboard in Resources */,
				057FE08C290068AA00FC9C69 /* About.storyboard in Resources */,
				051DCB7D28D466E20068AE61 /* LaunchScreen.storyboard in Resources */,
				051DCB7A28D466E20068AE61 /* Assets.xcassets in Resources */,
				051FC57128F6FE18002A99A6 /* Onboarding.storyboard in Resources */,
				051DCB9A28DCC37F0068AE61 /* Nunito-Bold.ttf in Resources */,
				051DCB7828D466E10068AE61 /* Main.storyboard in Resources */,
			);
			runOnlyForDeploymentPostprocessing = 0;
		};
/* End PBXResourcesBuildPhase section */

/* Begin PBXSourcesBuildPhase section */
		051DCB6928D466E10068AE61 /* Sources */ = {
			isa = PBXSourcesBuildPhase;
			buildActionMask = 2147483647;
			files = (
				051DCB8928D75CE90068AE61 /* Restaurant.swift in Sources */,
				0505ED06290A70C90043B61D /* DiscoverTableViewCell.swift in Sources */,
				051DCBA628DF748D0068AE61 /* NavigationController.swift in Sources */,
				05DF095F28F70AEE0072A1F8 /* WalkthroughPageViewController.swift in Sources */,
				057FE09029006AAF00FC9C69 /* AboutTableViewController.swift in Sources */,
				051FC56828EDDF61002A99A6 /* NewRestaurantController.swift in Sources */,
				051DCBB128E4C6480068AE61 /* ReviewViewController.swift in Sources */,
				051DCB9F28DCE71C0068AE61 /* RestaurantDetailTextCell.swift in Sources */,
				051DCB8728D4A9B70068AE61 /* RestaurantTableViewCell.swift in Sources */,
				051DCB7128D466E10068AE61 /* AppDelegate.swift in Sources */,
				051DCBA428DF6FF70068AE61 /* UIColor+Ext.swift in Sources */,
				051DCBA128DCEA840068AE61 /* RestaurantDetailTwoColumnCell.swift in Sources */,
				051DCB7328D466E10068AE61 /* SceneDelegate.swift in Sources */,
				051DCBAD28E1C1360068AE61 /* RestaurantDetailMapCell.swift in Sources */,
				051DCB8F28D775CA0068AE61 /* RestaurantDiffableDataSource.swift in Sources */,
				057FE092290076B900FC9C69 /* WebViewController.swift in Sources */,
				05DF095D28F707F90072A1F8 /* WalkthroughContentViewController.swift in Sources */,
				051FC56528EDDC4C002A99A6 /* RoundedTextField.swift in Sources */,
				05DF096128F95CAD0072A1F8 /* WalkthroughViewController.swift in Sources */,
				051DCB9328DA5C8A0068AE61 /* RestaurantDetailViewController.swift in Sources */,
				051DCB9D28DCC8690068AE61 /* RestaurantDetailHeaderView.swift in Sources */,
				051DCB8528D492270068AE61 /* RestaurantTableViewController.swift in Sources */,
				051DCBAF28E1D2AC0068AE61 /* MapViewController.swift in Sources */,
				0505ED0429053D390043B61D /* DiscoverTableViewController.swift in Sources */,
				051FC56B28F3FBEB002A99A6 /* FoodPin.xcdatamodeld in Sources */,
			);
			runOnlyForDeploymentPostprocessing = 0;
		};
/* End PBXSourcesBuildPhase section */

/* Begin PBXVariantGroup section */
		051DCB7628D466E10068AE61 /* Main.storyboard */ = {
			isa = PBXVariantGroup;
			children = (
				051DCB7728D466E10068AE61 /* Base */,
			);
			name = Main.storyboard;
			sourceTree = "<group>";
		};
		051DCB7B28D466E20068AE61 /* LaunchScreen.storyboard */ = {
			isa = PBXVariantGroup;
			children = (
				051DCB7C28D466E20068AE61 /* Base */,
			);
			name = LaunchScreen.storyboard;
			sourceTree = "<group>";
		};
		057FE08A290068AA00FC9C69 /* About.storyboard */ = {
			isa = PBXVariantGroup;
			children = (
				057FE08B290068AA00FC9C69 /* Base */,
			);
			name = About.storyboard;
			sourceTree = "<group>";
		};
/* End PBXVariantGroup section */

/* Begin XCBuildConfiguration section */
		051DCB7F28D466E20068AE61 /* Debug */ = {
			isa = XCBuildConfiguration;
			buildSettings = {
				ALWAYS_SEARCH_USER_PATHS = NO;
				CLANG_ANALYZER_NONNULL = YES;
				CLANG_ANALYZER_NUMBER_OBJECT_CONVERSION = YES_AGGRESSIVE;
				CLANG_CXX_LANGUAGE_STANDARD = "gnu++17";
				CLANG_ENABLE_MODULES = YES;
				CLANG_ENABLE_OBJC_ARC = YES;
				CLANG_ENABLE_OBJC_WEAK = YES;
				CLANG_WARN_BLOCK_CAPTURE_AUTORELEASING = YES;
				CLANG_WARN_BOOL_CONVERSION = YES;
				CLANG_WARN_COMMA = YES;
				CLANG_WARN_CONSTANT_CONVERSION = YES;
				CLANG_WARN_DEPRECATED_OBJC_IMPLEMENTATIONS = YES;
				CLANG_WARN_DIRECT_OBJC_ISA_USAGE = YES_ERROR;
				CLANG_WARN_DOCUMENTATION_COMMENTS = YES;
				CLANG_WARN_EMPTY_BODY = YES;
				CLANG_WARN_ENUM_CONVERSION = YES;
				CLANG_WARN_INFINITE_RECURSION = YES;
				CLANG_WARN_INT_CONVERSION = YES;
				CLANG_WARN_NON_LITERAL_NULL_CONVERSION = YES;
				CLANG_WARN_OBJC_IMPLICIT_RETAIN_SELF = YES;
				CLANG_WARN_OBJC_LITERAL_CONVERSION = YES;
				CLANG_WARN_OBJC_ROOT_CLASS = YES_ERROR;
				CLANG_WARN_QUOTED_INCLUDE_IN_FRAMEWORK_HEADER = YES;
				CLANG_WARN_RANGE_LOOP_ANALYSIS = YES;
				CLANG_WARN_STRICT_PROTOTYPES = YES;
				CLANG_WARN_SUSPICIOUS_MOVE = YES;
				CLANG_WARN_UNGUARDED_AVAILABILITY = YES_AGGRESSIVE;
				CLANG_WARN_UNREACHABLE_CODE = YES;
				CLANG_WARN__DUPLICATE_METHOD_MATCH = YES;
				COPY_PHASE_STRIP = NO;
				DEBUG_INFORMATION_FORMAT = dwarf;
				ENABLE_STRICT_OBJC_MSGSEND = YES;
				ENABLE_TESTABILITY = YES;
				GCC_C_LANGUAGE_STANDARD = gnu11;
				GCC_DYNAMIC_NO_PIC = NO;
				GCC_NO_COMMON_BLOCKS = YES;
				GCC_OPTIMIZATION_LEVEL = 0;
				GCC_PREPROCESSOR_DEFINITIONS = (
					"DEBUG=1",
					"$(inherited)",
				);
				GCC_WARN_64_TO_32_BIT_CONVERSION = YES;
				GCC_WARN_ABOUT_RETURN_TYPE = YES_ERROR;
				GCC_WARN_UNDECLARED_SELECTOR = YES;
				GCC_WARN_UNINITIALIZED_AUTOS = YES_AGGRESSIVE;
				GCC_WARN_UNUSED_FUNCTION = YES;
				GCC_WARN_UNUSED_VARIABLE = YES;
				IPHONEOS_DEPLOYMENT_TARGET = 15.5;
				MTL_ENABLE_DEBUG_INFO = INCLUDE_SOURCE;
				MTL_FAST_MATH = YES;
				ONLY_ACTIVE_ARCH = YES;
				SDKROOT = iphoneos;
				SWIFT_ACTIVE_COMPILATION_CONDITIONS = DEBUG;
				SWIFT_OPTIMIZATION_LEVEL = "-Onone";
			};
			name = Debug;
		};
		051DCB8028D466E20068AE61 /* Release */ = {
			isa = XCBuildConfiguration;
			buildSettings = {
				ALWAYS_SEARCH_USER_PATHS = NO;
				CLANG_ANALYZER_NONNULL = YES;
				CLANG_ANALYZER_NUMBER_OBJECT_CONVERSION = YES_AGGRESSIVE;
				CLANG_CXX_LANGUAGE_STANDARD = "gnu++17";
				CLANG_ENABLE_MODULES = YES;
				CLANG_ENABLE_OBJC_ARC = YES;
				CLANG_ENABLE_OBJC_WEAK = YES;
				CLANG_WARN_BLOCK_CAPTURE_AUTORELEASING = YES;
				CLANG_WARN_BOOL_CONVERSION = YES;
				CLANG_WARN_COMMA = YES;
				CLANG_WARN_CONSTANT_CONVERSION = YES;
				CLANG_WARN_DEPRECATED_OBJC_IMPLEMENTATIONS = YES;
				CLANG_WARN_DIRECT_OBJC_ISA_USAGE = YES_ERROR;
				CLANG_WARN_DOCUMENTATION_COMMENTS = YES;
				CLANG_WARN_EMPTY_BODY = YES;
				CLANG_WARN_ENUM_CONVERSION = YES;
				CLANG_WARN_INFINITE_RECURSION = YES;
				CLANG_WARN_INT_CONVERSION = YES;
				CLANG_WARN_NON_LITERAL_NULL_CONVERSION = YES;
				CLANG_WARN_OBJC_IMPLICIT_RETAIN_SELF = YES;
				CLANG_WARN_OBJC_LITERAL_CONVERSION = YES;
				CLANG_WARN_OBJC_ROOT_CLASS = YES_ERROR;
				CLANG_WARN_QUOTED_INCLUDE_IN_FRAMEWORK_HEADER = YES;
				CLANG_WARN_RANGE_LOOP_ANALYSIS = YES;
				CLANG_WARN_STRICT_PROTOTYPES = YES;
				CLANG_WARN_SUSPICIOUS_MOVE = YES;
				CLANG_WARN_UNGUARDED_AVAILABILITY = YES_AGGRESSIVE;
				CLANG_WARN_UNREACHABLE_CODE = YES;
				CLANG_WARN__DUPLICATE_METHOD_MATCH = YES;
				COPY_PHASE_STRIP = NO;
				DEBUG_INFORMATION_FORMAT = "dwarf-with-dsym";
				ENABLE_NS_ASSERTIONS = NO;
				ENABLE_STRICT_OBJC_MSGSEND = YES;
				GCC_C_LANGUAGE_STANDARD = gnu11;
				GCC_NO_COMMON_BLOCKS = YES;
				GCC_WARN_64_TO_32_BIT_CONVERSION = YES;
				GCC_WARN_ABOUT_RETURN_TYPE = YES_ERROR;
				GCC_WARN_UNDECLARED_SELECTOR = YES;
				GCC_WARN_UNINITIALIZED_AUTOS = YES_AGGRESSIVE;
				GCC_WARN_UNUSED_FUNCTION = YES;
				GCC_WARN_UNUSED_VARIABLE = YES;
				IPHONEOS_DEPLOYMENT_TARGET = 15.5;
				MTL_ENABLE_DEBUG_INFO = NO;
				MTL_FAST_MATH = YES;
				SDKROOT = iphoneos;
				SWIFT_COMPILATION_MODE = wholemodule;
				SWIFT_OPTIMIZATION_LEVEL = "-O";
				VALIDATE_PRODUCT = YES;
			};
			name = Release;
		};
		051DCB8228D466E20068AE61 /* Debug */ = {
			isa = XCBuildConfiguration;
			buildSettings = {
				ASSETCATALOG_COMPILER_APPICON_NAME = AppIcon;
				ASSETCATALOG_COMPILER_GLOBAL_ACCENT_COLOR_NAME = AccentColor;
				CODE_SIGN_ENTITLEMENTS = FoodPin/FoodPin.entitlements;
				CODE_SIGN_STYLE = Automatic;
				CURRENT_PROJECT_VERSION = 1;
				DEVELOPMENT_TEAM = CX9PUS2GJ9;
				GENERATE_INFOPLIST_FILE = YES;
				INFOPLIST_FILE = FoodPin/Info.plist;
				INFOPLIST_KEY_NSCameraUsageDescription = "You need to grant the app access to your camera in order to take photos.";
				INFOPLIST_KEY_NSPhotoLibraryUsageDescription = "You need to grant the app access to your photo library so you can pick your favorite restaurant photo.";
				INFOPLIST_KEY_UIApplicationSupportsIndirectInputEvents = YES;
				INFOPLIST_KEY_UILaunchStoryboardName = LaunchScreen;
				INFOPLIST_KEY_UIMainStoryboardFile = Main;
				INFOPLIST_KEY_UISupportedInterfaceOrientations_iPad = "UIInterfaceOrientationPortrait UIInterfaceOrientationPortraitUpsideDown UIInterfaceOrientationLandscapeLeft UIInterfaceOrientationLandscapeRight";
				INFOPLIST_KEY_UISupportedInterfaceOrientations_iPhone = "UIInterfaceOrientationPortrait UIInterfaceOrientationLandscapeLeft UIInterfaceOrientationLandscapeRight";
				LD_RUNPATH_SEARCH_PATHS = (
					"$(inherited)",
					"@executable_path/Frameworks",
				);
				MARKETING_VERSION = 1.0;
				PRODUCT_BUNDLE_IDENTIFIER = ADAIWA.FoodPin;
				PRODUCT_NAME = "$(TARGET_NAME)";
				SWIFT_EMIT_LOC_STRINGS = YES;
				SWIFT_VERSION = 5.0;
				TARGETED_DEVICE_FAMILY = "1,2";
			};
			name = Debug;
		};
		051DCB8328D466E20068AE61 /* Release */ = {
			isa = XCBuildConfiguration;
			buildSettings = {
				ASSETCATALOG_COMPILER_APPICON_NAME = AppIcon;
				ASSETCATALOG_COMPILER_GLOBAL_ACCENT_COLOR_NAME = AccentColor;
				CODE_SIGN_ENTITLEMENTS = FoodPin/FoodPin.entitlements;
				CODE_SIGN_STYLE = Automatic;
				CURRENT_PROJECT_VERSION = 1;
				DEVELOPMENT_TEAM = CX9PUS2GJ9;
				GENERATE_INFOPLIST_FILE = YES;
				INFOPLIST_FILE = FoodPin/Info.plist;
				INFOPLIST_KEY_NSCameraUsageDescription = "You need to grant the app access to your camera in order to take photos.";
				INFOPLIST_KEY_NSPhotoLibraryUsageDescription = "You need to grant the app access to your photo library so you can pick your favorite restaurant photo.";
				INFOPLIST_KEY_UIApplicationSupportsIndirectInputEvents = YES;
				INFOPLIST_KEY_UILaunchStoryboardName = LaunchScreen;
				INFOPLIST_KEY_UIMainStoryboardFile = Main;
				INFOPLIST_KEY_UISupportedInterfaceOrientations_iPad = "UIInterfaceOrientationPortrait UIInterfaceOrientationPortraitUpsideDown UIInterfaceOrientationLandscapeLeft UIInterfaceOrientationLandscapeRight";
				INFOPLIST_KEY_UISupportedInterfaceOrientations_iPhone = "UIInterfaceOrientationPortrait UIInterfaceOrientationLandscapeLeft UIInterfaceOrientationLandscapeRight";
				LD_RUNPATH_SEARCH_PATHS = (
					"$(inherited)",
					"@executable_path/Frameworks",
				);
				MARKETING_VERSION = 1.0;
				PRODUCT_BUNDLE_IDENTIFIER = ADAIWA.FoodPin;
				PRODUCT_NAME = "$(TARGET_NAME)";
				SWIFT_EMIT_LOC_STRINGS = YES;
				SWIFT_VERSION = 5.0;
				TARGETED_DEVICE_FAMILY = "1,2";
			};
			name = Release;
		};
/* End XCBuildConfiguration section */

/* Begin XCConfigurationList section */
		051DCB6828D466E10068AE61 /* Build configuration list for PBXProject "FoodPin" */ = {
			isa = XCConfigurationList;
			buildConfigurations = (
				051DCB7F28D466E20068AE61 /* Debug */,
				051DCB8028D466E20068AE61 /* Release */,
			);
			defaultConfigurationIsVisible = 0;
			defaultConfigurationName = Release;
		};
		051DCB8128D466E20068AE61 /* Build configuration list for PBXNativeTarget "FoodPin" */ = {
			isa = XCConfigurationList;
			buildConfigurations = (
				051DCB8228D466E20068AE61 /* Debug */,
				051DCB8328D466E20068AE61 /* Release */,
			);
			defaultConfigurationIsVisible = 0;
			defaultConfigurationName = Release;
		};
/* End XCConfigurationList section */

/* Begin XCVersionGroup section */
		051FC56928F3FBEB002A99A6 /* FoodPin.xcdatamodeld */ = {
			isa = XCVersionGroup;
			children = (
				051FC56A28F3FBEB002A99A6 /* FoodPin.xcdatamodel */,
			);
			currentVersion = 051FC56A28F3FBEB002A99A6 /* FoodPin.xcdatamodel */;
			path = FoodPin.xcdatamodeld;
			sourceTree = "<group>";
			versionGroupType = wrapper.xcdatamodel;
		};
/* End XCVersionGroup section */
	};
	rootObject = 051DCB6528D466E10068AE61 /* Project object */;
}
